// !$*UTF8*$!
{
	archiveVersion = 1;
	classes = {
	};
	objectVersion = 56;
	objects = {

/* Begin PBXBuildFile section */
		CCD6B06E291AEDDD00F60D63 /* AppDelegate.swift in Sources */ = {isa = PBXBuildFile; fileRef = CCD6B06D291AEDDD00F60D63 /* AppDelegate.swift */; };
		CCD6B070291AEDDD00F60D63 /* SceneDelegate.swift in Sources */ = {isa = PBXBuildFile; fileRef = CCD6B06F291AEDDD00F60D63 /* SceneDelegate.swift */; };
		CCD6B077291AEDDE00F60D63 /* Assets.xcassets in Resources */ = {isa = PBXBuildFile; fileRef = CCD6B076291AEDDE00F60D63 /* Assets.xcassets */; };
		CCD6B07A291AEDDE00F60D63 /* LaunchScreen.storyboard in Resources */ = {isa = PBXBuildFile; fileRef = CCD6B078291AEDDE00F60D63 /* LaunchScreen.storyboard */; };
		CCD6B085291AEDDE00F60D63 /* ShoppableTests.swift in Sources */ = {isa = PBXBuildFile; fileRef = CCD6B084291AEDDE00F60D63 /* ShoppableTests.swift */; };
		CCD6B08F291AEDDE00F60D63 /* ShoppableUITests.swift in Sources */ = {isa = PBXBuildFile; fileRef = CCD6B08E291AEDDE00F60D63 /* ShoppableUITests.swift */; };
		CCD6B091291AEDDE00F60D63 /* ShoppableUITestsLaunchTests.swift in Sources */ = {isa = PBXBuildFile; fileRef = CCD6B090291AEDDE00F60D63 /* ShoppableUITestsLaunchTests.swift */; };
		CCD6B0A0291AEF9300F60D63 /* CartViewController.swift in Sources */ = {isa = PBXBuildFile; fileRef = CCD6B09F291AEF9300F60D63 /* CartViewController.swift */; };
		CCD6B0A2291AEFB200F60D63 /* ProductCatalogViewController.swift in Sources */ = {isa = PBXBuildFile; fileRef = CCD6B0A1291AEFB200F60D63 /* ProductCatalogViewController.swift */; };
		CCD6B0A6291AF2E400F60D63 /* products.json in Resources */ = {isa = PBXBuildFile; fileRef = CCD6B0A5291AF2E400F60D63 /* products.json */; };
		CCD6B0A9291AF42700F60D63 /* ProductCatalogProvider.swift in Sources */ = {isa = PBXBuildFile; fileRef = CCD6B0A8291AF42700F60D63 /* ProductCatalogProvider.swift */; };
		CCD6B0AD291AF4A000F60D63 /* Product.swift in Sources */ = {isa = PBXBuildFile; fileRef = CCD6B0AC291AF4A000F60D63 /* Product.swift */; };
		CCD6B0AF291AFA9400F60D63 /* JSONFileProductCatalogProvider.swift in Sources */ = {isa = PBXBuildFile; fileRef = CCD6B0AE291AFA9400F60D63 /* JSONFileProductCatalogProvider.swift */; };
		CCD6B0B2291B011A00F60D63 /* ProductCollectionViewCell.swift in Sources */ = {isa = PBXBuildFile; fileRef = CCD6B0B1291B011A00F60D63 /* ProductCollectionViewCell.swift */; };
/* End PBXBuildFile section */

/* Begin PBXContainerItemProxy section */
		CCD6B081291AEDDE00F60D63 /* PBXContainerItemProxy */ = {
			isa = PBXContainerItemProxy;
			containerPortal = CCD6B062291AEDDD00F60D63 /* Project object */;
			proxyType = 1;
			remoteGlobalIDString = CCD6B069291AEDDD00F60D63;
			remoteInfo = Shoppable;
		};
		CCD6B08B291AEDDE00F60D63 /* PBXContainerItemProxy */ = {
			isa = PBXContainerItemProxy;
			containerPortal = CCD6B062291AEDDD00F60D63 /* Project object */;
			proxyType = 1;
			remoteGlobalIDString = CCD6B069291AEDDD00F60D63;
			remoteInfo = Shoppable;
		};
/* End PBXContainerItemProxy section */

/* Begin PBXFileReference section */
		CCD6B06A291AEDDD00F60D63 /* Shoppable.app */ = {isa = PBXFileReference; explicitFileType = wrapper.application; includeInIndex = 0; path = Shoppable.app; sourceTree = BUILT_PRODUCTS_DIR; };
		CCD6B06D291AEDDD00F60D63 /* AppDelegate.swift */ = {isa = PBXFileReference; lastKnownFileType = sourcecode.swift; path = AppDelegate.swift; sourceTree = "<group>"; };
		CCD6B06F291AEDDD00F60D63 /* SceneDelegate.swift */ = {isa = PBXFileReference; lastKnownFileType = sourcecode.swift; path = SceneDelegate.swift; sourceTree = "<group>"; };
		CCD6B076291AEDDE00F60D63 /* Assets.xcassets */ = {isa = PBXFileReference; lastKnownFileType = folder.assetcatalog; path = Assets.xcassets; sourceTree = "<group>"; };
		CCD6B079291AEDDE00F60D63 /* Base */ = {isa = PBXFileReference; lastKnownFileType = file.storyboard; name = Base; path = Base.lproj/LaunchScreen.storyboard; sourceTree = "<group>"; };
		CCD6B07B291AEDDE00F60D63 /* Info.plist */ = {isa = PBXFileReference; lastKnownFileType = text.plist.xml; path = Info.plist; sourceTree = "<group>"; };
		CCD6B080291AEDDE00F60D63 /* ShoppableTests.xctest */ = {isa = PBXFileReference; explicitFileType = wrapper.cfbundle; includeInIndex = 0; path = ShoppableTests.xctest; sourceTree = BUILT_PRODUCTS_DIR; };
		CCD6B084291AEDDE00F60D63 /* ShoppableTests.swift */ = {isa = PBXFileReference; lastKnownFileType = sourcecode.swift; path = ShoppableTests.swift; sourceTree = "<group>"; };
		CCD6B08A291AEDDE00F60D63 /* ShoppableUITests.xctest */ = {isa = PBXFileReference; explicitFileType = wrapper.cfbundle; includeInIndex = 0; path = ShoppableUITests.xctest; sourceTree = BUILT_PRODUCTS_DIR; };
		CCD6B08E291AEDDE00F60D63 /* ShoppableUITests.swift */ = {isa = PBXFileReference; lastKnownFileType = sourcecode.swift; path = ShoppableUITests.swift; sourceTree = "<group>"; };
		CCD6B090291AEDDE00F60D63 /* ShoppableUITestsLaunchTests.swift */ = {isa = PBXFileReference; lastKnownFileType = sourcecode.swift; path = ShoppableUITestsLaunchTests.swift; sourceTree = "<group>"; };
		CCD6B09F291AEF9300F60D63 /* CartViewController.swift */ = {isa = PBXFileReference; lastKnownFileType = sourcecode.swift; path = CartViewController.swift; sourceTree = "<group>"; };
		CCD6B0A1291AEFB200F60D63 /* ProductCatalogViewController.swift */ = {isa = PBXFileReference; lastKnownFileType = sourcecode.swift; path = ProductCatalogViewController.swift; sourceTree = "<group>"; };
		CCD6B0A5291AF2E400F60D63 /* products.json */ = {isa = PBXFileReference; fileEncoding = 4; lastKnownFileType = text.json; path = products.json; sourceTree = "<group>"; };
		CCD6B0A8291AF42700F60D63 /* ProductCatalogProvider.swift */ = {isa = PBXFileReference; lastKnownFileType = sourcecode.swift; path = ProductCatalogProvider.swift; sourceTree = "<group>"; };
		CCD6B0AC291AF4A000F60D63 /* Product.swift */ = {isa = PBXFileReference; lastKnownFileType = sourcecode.swift; path = Product.swift; sourceTree = "<group>"; };
		CCD6B0AE291AFA9400F60D63 /* JSONFileProductCatalogProvider.swift */ = {isa = PBXFileReference; lastKnownFileType = sourcecode.swift; path = JSONFileProductCatalogProvider.swift; sourceTree = "<group>"; };
		CCD6B0B1291B011A00F60D63 /* ProductCollectionViewCell.swift */ = {isa = PBXFileReference; lastKnownFileType = sourcecode.swift; path = ProductCollectionViewCell.swift; sourceTree = "<group>"; };
/* End PBXFileReference section */

/* Begin PBXFrameworksBuildPhase section */
		CCD6B067291AEDDD00F60D63 /* Frameworks */ = {
			isa = PBXFrameworksBuildPhase;
			buildActionMask = 2147483647;
			files = (
			);
			runOnlyForDeploymentPostprocessing = 0;
		};
		CCD6B07D291AEDDE00F60D63 /* Frameworks */ = {
			isa = PBXFrameworksBuildPhase;
			buildActionMask = 2147483647;
			files = (
			);
			runOnlyForDeploymentPostprocessing = 0;
		};
		CCD6B087291AEDDE00F60D63 /* Frameworks */ = {
			isa = PBXFrameworksBuildPhase;
			buildActionMask = 2147483647;
			files = (
			);
			runOnlyForDeploymentPostprocessing = 0;
		};
/* End PBXFrameworksBuildPhase section */

/* Begin PBXGroup section */
		CCD6B061291AEDDD00F60D63 = {
			isa = PBXGroup;
			children = (
				CCD6B06C291AEDDD00F60D63 /* Shoppable */,
				CCD6B083291AEDDE00F60D63 /* ShoppableTests */,
				CCD6B08D291AEDDE00F60D63 /* ShoppableUITests */,
				CCD6B06B291AEDDD00F60D63 /* Products */,
			);
			sourceTree = "<group>";
		};
		CCD6B06B291AEDDD00F60D63 /* Products */ = {
			isa = PBXGroup;
			children = (
				CCD6B06A291AEDDD00F60D63 /* Shoppable.app */,
				CCD6B080291AEDDE00F60D63 /* ShoppableTests.xctest */,
				CCD6B08A291AEDDE00F60D63 /* ShoppableUITests.xctest */,
			);
			name = Products;
			sourceTree = "<group>";
		};
		CCD6B06C291AEDDD00F60D63 /* Shoppable */ = {
			isa = PBXGroup;
			children = (
				CCD6B0AB291AF48900F60D63 /* Service */,
				CCD6B0AA291AF44700F60D63 /* Model */,
				CCD6B09E291AEF6300F60D63 /* ViewControllers */,
				CCD6B06D291AEDDD00F60D63 /* AppDelegate.swift */,
				CCD6B06F291AEDDD00F60D63 /* SceneDelegate.swift */,
				CCD6B076291AEDDE00F60D63 /* Assets.xcassets */,
				CCD6B078291AEDDE00F60D63 /* LaunchScreen.storyboard */,
				CCD6B07B291AEDDE00F60D63 /* Info.plist */,
				CCD6B0A5291AF2E400F60D63 /* products.json */,
			);
			path = Shoppable;
			sourceTree = "<group>";
		};
		CCD6B083291AEDDE00F60D63 /* ShoppableTests */ = {
			isa = PBXGroup;
			children = (
				CCD6B084291AEDDE00F60D63 /* ShoppableTests.swift */,
			);
			path = ShoppableTests;
			sourceTree = "<group>";
		};
		CCD6B08D291AEDDE00F60D63 /* ShoppableUITests */ = {
			isa = PBXGroup;
			children = (
				CCD6B08E291AEDDE00F60D63 /* ShoppableUITests.swift */,
				CCD6B090291AEDDE00F60D63 /* ShoppableUITestsLaunchTests.swift */,
			);
			path = ShoppableUITests;
			sourceTree = "<group>";
		};
		CCD6B09E291AEF6300F60D63 /* ViewControllers */ = {
			isa = PBXGroup;
			children = (
				CCD6B09F291AEF9300F60D63 /* CartViewController.swift */,
				CCD6B0A1291AEFB200F60D63 /* ProductCatalogViewController.swift */,
			);
			path = ViewControllers;
			sourceTree = "<group>";
		};
		CCD6B0A7291AF32B00F60D63 /* Catalog Provider */ = {
			isa = PBXGroup;
			children = (
				CCD6B0A8291AF42700F60D63 /* ProductCatalogProvider.swift */,
				CCD6B0AE291AFA9400F60D63 /* JSONFileProductCatalogProvider.swift */,
			);
			path = "Catalog Provider";
			sourceTree = "<group>";
		};
		CCD6B0AA291AF44700F60D63 /* Model */ = {
			isa = PBXGroup;
			children = (
				CCD6B0AC291AF4A000F60D63 /* Product.swift */,
			);
			path = Model;
			sourceTree = "<group>";
		};
		CCD6B0AB291AF48900F60D63 /* Service */ = {
			isa = PBXGroup;
			children = (
				CCD6B0B0291B010400F60D63 /* Views */,
				CCD6B0A7291AF32B00F60D63 /* Catalog Provider */,
			);
			path = Service;
			sourceTree = "<group>";
		};
		CCD6B0B0291B010400F60D63 /* Views */ = {
			isa = PBXGroup;
			children = (
				CCD6B0B1291B011A00F60D63 /* ProductCollectionViewCell.swift */,
			);
			path = Views;
			sourceTree = "<group>";
		};
/* End PBXGroup section */

/* Begin PBXNativeTarget section */
		CCD6B069291AEDDD00F60D63 /* Shoppable */ = {
			isa = PBXNativeTarget;
			buildConfigurationList = CCD6B094291AEDDE00F60D63 /* Build configuration list for PBXNativeTarget "Shoppable" */;
			buildPhases = (
				CCD6B066291AEDDD00F60D63 /* Sources */,
				CCD6B067291AEDDD00F60D63 /* Frameworks */,
				CCD6B068291AEDDD00F60D63 /* Resources */,
			);
			buildRules = (
			);
			dependencies = (
			);
			name = Shoppable;
			productName = Shoppable;
			productReference = CCD6B06A291AEDDD00F60D63 /* Shoppable.app */;
			productType = "com.apple.product-type.application";
		};
		CCD6B07F291AEDDE00F60D63 /* ShoppableTests */ = {
			isa = PBXNativeTarget;
			buildConfigurationList = CCD6B097291AEDDE00F60D63 /* Build configuration list for PBXNativeTarget "ShoppableTests" */;
			buildPhases = (
				CCD6B07C291AEDDE00F60D63 /* Sources */,
				CCD6B07D291AEDDE00F60D63 /* Frameworks */,
				CCD6B07E291AEDDE00F60D63 /* Resources */,
			);
			buildRules = (
			);
			dependencies = (
				CCD6B082291AEDDE00F60D63 /* PBXTargetDependency */,
			);
			name = ShoppableTests;
			productName = ShoppableTests;
			productReference = CCD6B080291AEDDE00F60D63 /* ShoppableTests.xctest */;
			productType = "com.apple.product-type.bundle.unit-test";
		};
		CCD6B089291AEDDE00F60D63 /* ShoppableUITests */ = {
			isa = PBXNativeTarget;
			buildConfigurationList = CCD6B09A291AEDDE00F60D63 /* Build configuration list for PBXNativeTarget "ShoppableUITests" */;
			buildPhases = (
				CCD6B086291AEDDE00F60D63 /* Sources */,
				CCD6B087291AEDDE00F60D63 /* Frameworks */,
				CCD6B088291AEDDE00F60D63 /* Resources */,
			);
			buildRules = (
			);
			dependencies = (
				CCD6B08C291AEDDE00F60D63 /* PBXTargetDependency */,
			);
			name = ShoppableUITests;
			productName = ShoppableUITests;
			productReference = CCD6B08A291AEDDE00F60D63 /* ShoppableUITests.xctest */;
			productType = "com.apple.product-type.bundle.ui-testing";
		};
/* End PBXNativeTarget section */

/* Begin PBXProject section */
		CCD6B062291AEDDD00F60D63 /* Project object */ = {
			isa = PBXProject;
			attributes = {
				BuildIndependentTargetsInParallel = 1;
				LastSwiftUpdateCheck = 1400;
				LastUpgradeCheck = 1400;
				TargetAttributes = {
					CCD6B069291AEDDD00F60D63 = {
						CreatedOnToolsVersion = 14.0;
					};
					CCD6B07F291AEDDE00F60D63 = {
						CreatedOnToolsVersion = 14.0;
						TestTargetID = CCD6B069291AEDDD00F60D63;
					};
					CCD6B089291AEDDE00F60D63 = {
						CreatedOnToolsVersion = 14.0;
						TestTargetID = CCD6B069291AEDDD00F60D63;
					};
				};
			};
			buildConfigurationList = CCD6B065291AEDDD00F60D63 /* Build configuration list for PBXProject "Shoppable" */;
			compatibilityVersion = "Xcode 14.0";
			developmentRegion = en;
			hasScannedForEncodings = 0;
			knownRegions = (
				en,
				Base,
			);
			mainGroup = CCD6B061291AEDDD00F60D63;
			productRefGroup = CCD6B06B291AEDDD00F60D63 /* Products */;
			projectDirPath = "";
			projectRoot = "";
			targets = (
				CCD6B069291AEDDD00F60D63 /* Shoppable */,
				CCD6B07F291AEDDE00F60D63 /* ShoppableTests */,
				CCD6B089291AEDDE00F60D63 /* ShoppableUITests */,
			);
		};
/* End PBXProject section */

/* Begin PBXResourcesBuildPhase section */
		CCD6B068291AEDDD00F60D63 /* Resources */ = {
			isa = PBXResourcesBuildPhase;
			buildActionMask = 2147483647;
			files = (
				CCD6B0A6291AF2E400F60D63 /* products.json in Resources */,
				CCD6B07A291AEDDE00F60D63 /* LaunchScreen.storyboard in Resources */,
				CCD6B077291AEDDE00F60D63 /* Assets.xcassets in Resources */,
			);
			runOnlyForDeploymentPostprocessing = 0;
		};
		CCD6B07E291AEDDE00F60D63 /* Resources */ = {
			isa = PBXResourcesBuildPhase;
			buildActionMask = 2147483647;
			files = (
			);
			runOnlyForDeploymentPostprocessing = 0;
		};
		CCD6B088291AEDDE00F60D63 /* Resources */ = {
			isa = PBXResourcesBuildPhase;
			buildActionMask = 2147483647;
			files = (
			);
			runOnlyForDeploymentPostprocessing = 0;
		};
/* End PBXResourcesBuildPhase section */

/* Begin PBXSourcesBuildPhase section */
		CCD6B066291AEDDD00F60D63 /* Sources */ = {
			isa = PBXSourcesBuildPhase;
			buildActionMask = 2147483647;
			files = (
				CCD6B0AF291AFA9400F60D63 /* JSONFileProductCatalogProvider.swift in Sources */,
				CCD6B0A0291AEF9300F60D63 /* CartViewController.swift in Sources */,
				CCD6B0B2291B011A00F60D63 /* ProductCollectionViewCell.swift in Sources */,
				CCD6B0A9291AF42700F60D63 /* ProductCatalogProvider.swift in Sources */,
				CCD6B06E291AEDDD00F60D63 /* AppDelegate.swift in Sources */,
				CCD6B070291AEDDD00F60D63 /* SceneDelegate.swift in Sources */,
				CCD6B0A2291AEFB200F60D63 /* ProductCatalogViewController.swift in Sources */,
				CCD6B0AD291AF4A000F60D63 /* Product.swift in Sources */,
			);
			runOnlyForDeploymentPostprocessing = 0;
		};
		CCD6B07C291AEDDE00F60D63 /* Sources */ = {
			isa = PBXSourcesBuildPhase;
			buildActionMask = 2147483647;
			files = (
				CCD6B085291AEDDE00F60D63 /* ShoppableTests.swift in Sources */,
			);
			runOnlyForDeploymentPostprocessing = 0;
		};
		CCD6B086291AEDDE00F60D63 /* Sources */ = {
			isa = PBXSourcesBuildPhase;
			buildActionMask = 2147483647;
			files = (
				CCD6B08F291AEDDE00F60D63 /* ShoppableUITests.swift in Sources */,
				CCD6B091291AEDDE00F60D63 /* ShoppableUITestsLaunchTests.swift in Sources */,
			);
			runOnlyForDeploymentPostprocessing = 0;
		};
/* End PBXSourcesBuildPhase section */

/* Begin PBXTargetDependency section */
		CCD6B082291AEDDE00F60D63 /* PBXTargetDependency */ = {
			isa = PBXTargetDependency;
			target = CCD6B069291AEDDD00F60D63 /* Shoppable */;
			targetProxy = CCD6B081291AEDDE00F60D63 /* PBXContainerItemProxy */;
		};
		CCD6B08C291AEDDE00F60D63 /* PBXTargetDependency */ = {
			isa = PBXTargetDependency;
			target = CCD6B069291AEDDD00F60D63 /* Shoppable */;
			targetProxy = CCD6B08B291AEDDE00F60D63 /* PBXContainerItemProxy */;
		};
/* End PBXTargetDependency section */

/* Begin PBXVariantGroup section */
		CCD6B078291AEDDE00F60D63 /* LaunchScreen.storyboard */ = {
			isa = PBXVariantGroup;
			children = (
				CCD6B079291AEDDE00F60D63 /* Base */,
			);
			name = LaunchScreen.storyboard;
			sourceTree = "<group>";
		};
/* End PBXVariantGroup section */

/* Begin XCBuildConfiguration section */
		CCD6B092291AEDDE00F60D63 /* Debug */ = {
			isa = XCBuildConfiguration;
			buildSettings = {
				ALWAYS_SEARCH_USER_PATHS = NO;
				CLANG_ANALYZER_NONNULL = YES;
				CLANG_ANALYZER_NUMBER_OBJECT_CONVERSION = YES_AGGRESSIVE;
				CLANG_CXX_LANGUAGE_STANDARD = "gnu++20";
				CLANG_ENABLE_MODULES = YES;
				CLANG_ENABLE_OBJC_ARC = YES;
				CLANG_ENABLE_OBJC_WEAK = YES;
				CLANG_WARN_BLOCK_CAPTURE_AUTORELEASING = YES;
				CLANG_WARN_BOOL_CONVERSION = YES;
				CLANG_WARN_COMMA = YES;
				CLANG_WARN_CONSTANT_CONVERSION = YES;
				CLANG_WARN_DEPRECATED_OBJC_IMPLEMENTATIONS = YES;
				CLANG_WARN_DIRECT_OBJC_ISA_USAGE = YES_ERROR;
				CLANG_WARN_DOCUMENTATION_COMMENTS = YES;
				CLANG_WARN_EMPTY_BODY = YES;
				CLANG_WARN_ENUM_CONVERSION = YES;
				CLANG_WARN_INFINITE_RECURSION = YES;
				CLANG_WARN_INT_CONVERSION = YES;
				CLANG_WARN_NON_LITERAL_NULL_CONVERSION = YES;
				CLANG_WARN_OBJC_IMPLICIT_RETAIN_SELF = YES;
				CLANG_WARN_OBJC_LITERAL_CONVERSION = YES;
				CLANG_WARN_OBJC_ROOT_CLASS = YES_ERROR;
				CLANG_WARN_QUOTED_INCLUDE_IN_FRAMEWORK_HEADER = YES;
				CLANG_WARN_RANGE_LOOP_ANALYSIS = YES;
				CLANG_WARN_STRICT_PROTOTYPES = YES;
				CLANG_WARN_SUSPICIOUS_MOVE = YES;
				CLANG_WARN_UNGUARDED_AVAILABILITY = YES_AGGRESSIVE;
				CLANG_WARN_UNREACHABLE_CODE = YES;
				CLANG_WARN__DUPLICATE_METHOD_MATCH = YES;
				COPY_PHASE_STRIP = NO;
				DEBUG_INFORMATION_FORMAT = dwarf;
				ENABLE_STRICT_OBJC_MSGSEND = YES;
				ENABLE_TESTABILITY = YES;
				GCC_C_LANGUAGE_STANDARD = gnu11;
				GCC_DYNAMIC_NO_PIC = NO;
				GCC_NO_COMMON_BLOCKS = YES;
				GCC_OPTIMIZATION_LEVEL = 0;
				GCC_PREPROCESSOR_DEFINITIONS = (
					"DEBUG=1",
					"$(inherited)",
				);
				GCC_WARN_64_TO_32_BIT_CONVERSION = YES;
				GCC_WARN_ABOUT_RETURN_TYPE = YES_ERROR;
				GCC_WARN_UNDECLARED_SELECTOR = YES;
				GCC_WARN_UNINITIALIZED_AUTOS = YES_AGGRESSIVE;
				GCC_WARN_UNUSED_FUNCTION = YES;
				GCC_WARN_UNUSED_VARIABLE = YES;
				IPHONEOS_DEPLOYMENT_TARGET = 16.0;
				MTL_ENABLE_DEBUG_INFO = INCLUDE_SOURCE;
				MTL_FAST_MATH = YES;
				ONLY_ACTIVE_ARCH = YES;
				SDKROOT = iphoneos;
				SWIFT_ACTIVE_COMPILATION_CONDITIONS = DEBUG;
				SWIFT_OPTIMIZATION_LEVEL = "-Onone";
			};
			name = Debug;
		};
		CCD6B093291AEDDE00F60D63 /* Release */ = {
			isa = XCBuildConfiguration;
			buildSettings = {
				ALWAYS_SEARCH_USER_PATHS = NO;
				CLANG_ANALYZER_NONNULL = YES;
				CLANG_ANALYZER_NUMBER_OBJECT_CONVERSION = YES_AGGRESSIVE;
				CLANG_CXX_LANGUAGE_STANDARD = "gnu++20";
				CLANG_ENABLE_MODULES = YES;
				CLANG_ENABLE_OBJC_ARC = YES;
				CLANG_ENABLE_OBJC_WEAK = YES;
				CLANG_WARN_BLOCK_CAPTURE_AUTORELEASING = YES;
				CLANG_WARN_BOOL_CONVERSION = YES;
				CLANG_WARN_COMMA = YES;
				CLANG_WARN_CONSTANT_CONVERSION = YES;
				CLANG_WARN_DEPRECATED_OBJC_IMPLEMENTATIONS = YES;
				CLANG_WARN_DIRECT_OBJC_ISA_USAGE = YES_ERROR;
				CLANG_WARN_DOCUMENTATION_COMMENTS = YES;
				CLANG_WARN_EMPTY_BODY = YES;
				CLANG_WARN_ENUM_CONVERSION = YES;
				CLANG_WARN_INFINITE_RECURSION = YES;
				CLANG_WARN_INT_CONVERSION = YES;
				CLANG_WARN_NON_LITERAL_NULL_CONVERSION = YES;
				CLANG_WARN_OBJC_IMPLICIT_RETAIN_SELF = YES;
				CLANG_WARN_OBJC_LITERAL_CONVERSION = YES;
				CLANG_WARN_OBJC_ROOT_CLASS = YES_ERROR;
				CLANG_WARN_QUOTED_INCLUDE_IN_FRAMEWORK_HEADER = YES;
				CLANG_WARN_RANGE_LOOP_ANALYSIS = YES;
				CLANG_WARN_STRICT_PROTOTYPES = YES;
				CLANG_WARN_SUSPICIOUS_MOVE = YES;
				CLANG_WARN_UNGUARDED_AVAILABILITY = YES_AGGRESSIVE;
				CLANG_WARN_UNREACHABLE_CODE = YES;
				CLANG_WARN__DUPLICATE_METHOD_MATCH = YES;
				COPY_PHASE_STRIP = NO;
				DEBUG_INFORMATION_FORMAT = "dwarf-with-dsym";
				ENABLE_NS_ASSERTIONS = NO;
				ENABLE_STRICT_OBJC_MSGSEND = YES;
				GCC_C_LANGUAGE_STANDARD = gnu11;
				GCC_NO_COMMON_BLOCKS = YES;
				GCC_WARN_64_TO_32_BIT_CONVERSION = YES;
				GCC_WARN_ABOUT_RETURN_TYPE = YES_ERROR;
				GCC_WARN_UNDECLARED_SELECTOR = YES;
				GCC_WARN_UNINITIALIZED_AUTOS = YES_AGGRESSIVE;
				GCC_WARN_UNUSED_FUNCTION = YES;
				GCC_WARN_UNUSED_VARIABLE = YES;
				IPHONEOS_DEPLOYMENT_TARGET = 16.0;
				MTL_ENABLE_DEBUG_INFO = NO;
				MTL_FAST_MATH = YES;
				SDKROOT = iphoneos;
				SWIFT_COMPILATION_MODE = wholemodule;
				SWIFT_OPTIMIZATION_LEVEL = "-O";
				VALIDATE_PRODUCT = YES;
			};
			name = Release;
		};
		CCD6B095291AEDDE00F60D63 /* Debug */ = {
			isa = XCBuildConfiguration;
			buildSettings = {
				ASSETCATALOG_COMPILER_APPICON_NAME = AppIcon;
				ASSETCATALOG_COMPILER_GLOBAL_ACCENT_COLOR_NAME = AccentColor;
				CODE_SIGN_STYLE = Automatic;
				CURRENT_PROJECT_VERSION = 1;
				DEVELOPMENT_TEAM = GY3SL5N58H;
				GENERATE_INFOPLIST_FILE = YES;
				INFOPLIST_FILE = Shoppable/Info.plist;
				INFOPLIST_KEY_UIApplicationSupportsIndirectInputEvents = YES;
				INFOPLIST_KEY_UILaunchStoryboardName = LaunchScreen;
				INFOPLIST_KEY_UISupportedInterfaceOrientations_iPad = "UIInterfaceOrientationPortrait UIInterfaceOrientationPortraitUpsideDown UIInterfaceOrientationLandscapeLeft UIInterfaceOrientationLandscapeRight";
				INFOPLIST_KEY_UISupportedInterfaceOrientations_iPhone = "UIInterfaceOrientationPortrait UIInterfaceOrientationLandscapeLeft UIInterfaceOrientationLandscapeRight";
				LD_RUNPATH_SEARCH_PATHS = (
					"$(inherited)",
					"@executable_path/Frameworks",
				);
				MARKETING_VERSION = 1.0;
				PRODUCT_BUNDLE_IDENTIFIER = "bart-kneepkens.Shoppable";
				PRODUCT_NAME = "$(TARGET_NAME)";
				SWIFT_EMIT_LOC_STRINGS = YES;
				SWIFT_VERSION = 5.0;
				TARGETED_DEVICE_FAMILY = "1,2";
			};
			name = Debug;
		};
		CCD6B096291AEDDE00F60D63 /* Release */ = {
			isa = XCBuildConfiguration;
			buildSettings = {
				ASSETCATALOG_COMPILER_APPICON_NAME = AppIcon;
				ASSETCATALOG_COMPILER_GLOBAL_ACCENT_COLOR_NAME = AccentColor;
				CODE_SIGN_STYLE = Automatic;
				CURRENT_PROJECT_VERSION = 1;
				DEVELOPMENT_TEAM = GY3SL5N58H;
				GENERATE_INFOPLIST_FILE = YES;
				INFOPLIST_FILE = Shoppable/Info.plist;
				INFOPLIST_KEY_UIApplicationSupportsIndirectInputEvents = YES;
				INFOPLIST_KEY_UILaunchStoryboardName = LaunchScreen;
				INFOPLIST_KEY_UISupportedInterfaceOrientations_iPad = "UIInterfaceOrientationPortrait UIInterfaceOrientationPortraitUpsideDown UIInterfaceOrientationLandscapeLeft UIInterfaceOrientationLandscapeRight";
				INFOPLIST_KEY_UISupportedInterfaceOrientations_iPhone = "UIInterfaceOrientationPortrait UIInterfaceOrientationLandscapeLeft UIInterfaceOrientationLandscapeRight";
				LD_RUNPATH_SEARCH_PATHS = (
					"$(inherited)",
					"@executable_path/Frameworks",
				);
				MARKETING_VERSION = 1.0;
				PRODUCT_BUNDLE_IDENTIFIER = "bart-kneepkens.Shoppable";
				PRODUCT_NAME = "$(TARGET_NAME)";
				SWIFT_EMIT_LOC_STRINGS = YES;
				SWIFT_VERSION = 5.0;
				TARGETED_DEVICE_FAMILY = "1,2";
			};
			name = Release;
		};
		CCD6B098291AEDDE00F60D63 /* Debug */ = {
			isa = XCBuildConfiguration;
			buildSettings = {
				ALWAYS_EMBED_SWIFT_STANDARD_LIBRARIES = YES;
				BUNDLE_LOADER = "$(TEST_HOST)";
				CODE_SIGN_STYLE = Automatic;
				CURRENT_PROJECT_VERSION = 1;
				DEVELOPMENT_TEAM = GY3SL5N58H;
				GENERATE_INFOPLIST_FILE = YES;
				IPHONEOS_DEPLOYMENT_TARGET = 16.0;
				MARKETING_VERSION = 1.0;
				PRODUCT_BUNDLE_IDENTIFIER = "bart-kneepkens.ShoppableTests";
				PRODUCT_NAME = "$(TARGET_NAME)";
				SWIFT_EMIT_LOC_STRINGS = NO;
				SWIFT_VERSION = 5.0;
				TARGETED_DEVICE_FAMILY = "1,2";
				TEST_HOST = "$(BUILT_PRODUCTS_DIR)/Shoppable.app/$(BUNDLE_EXECUTABLE_FOLDER_PATH)/Shoppable";
			};
			name = Debug;
		};
		CCD6B099291AEDDE00F60D63 /* Release */ = {
			isa = XCBuildConfiguration;
			buildSettings = {
				ALWAYS_EMBED_SWIFT_STANDARD_LIBRARIES = YES;
				BUNDLE_LOADER = "$(TEST_HOST)";
				CODE_SIGN_STYLE = Automatic;
				CURRENT_PROJECT_VERSION = 1;
				DEVELOPMENT_TEAM = GY3SL5N58H;
				GENERATE_INFOPLIST_FILE = YES;
				IPHONEOS_DEPLOYMENT_TARGET = 16.0;
				MARKETING_VERSION = 1.0;
				PRODUCT_BUNDLE_IDENTIFIER = "bart-kneepkens.ShoppableTests";
				PRODUCT_NAME = "$(TARGET_NAME)";
				SWIFT_EMIT_LOC_STRINGS = NO;
				SWIFT_VERSION = 5.0;
				TARGETED_DEVICE_FAMILY = "1,2";
				TEST_HOST = "$(BUILT_PRODUCTS_DIR)/Shoppable.app/$(BUNDLE_EXECUTABLE_FOLDER_PATH)/Shoppable";
			};
			name = Release;
		};
		CCD6B09B291AEDDE00F60D63 /* Debug */ = {
			isa = XCBuildConfiguration;
			buildSettings = {
				ALWAYS_EMBED_SWIFT_STANDARD_LIBRARIES = YES;
				CODE_SIGN_STYLE = Automatic;
				CURRENT_PROJECT_VERSION = 1;
				DEVELOPMENT_TEAM = GY3SL5N58H;
				GENERATE_INFOPLIST_FILE = YES;
				MARKETING_VERSION = 1.0;
				PRODUCT_BUNDLE_IDENTIFIER = "bart-kneepkens.ShoppableUITests";
				PRODUCT_NAME = "$(TARGET_NAME)";
				SWIFT_EMIT_LOC_STRINGS = NO;
				SWIFT_VERSION = 5.0;
				TARGETED_DEVICE_FAMILY = "1,2";
				TEST_TARGET_NAME = Shoppable;
			};
			name = Debug;
		};
		CCD6B09C291AEDDE00F60D63 /* Release */ = {
			isa = XCBuildConfiguration;
			buildSettings = {
				ALWAYS_EMBED_SWIFT_STANDARD_LIBRARIES = YES;
				CODE_SIGN_STYLE = Automatic;
				CURRENT_PROJECT_VERSION = 1;
				DEVELOPMENT_TEAM = GY3SL5N58H;
				GENERATE_INFOPLIST_FILE = YES;
				MARKETING_VERSION = 1.0;
				PRODUCT_BUNDLE_IDENTIFIER = "bart-kneepkens.ShoppableUITests";
				PRODUCT_NAME = "$(TARGET_NAME)";
				SWIFT_EMIT_LOC_STRINGS = NO;
				SWIFT_VERSION = 5.0;
				TARGETED_DEVICE_FAMILY = "1,2";
				TEST_TARGET_NAME = Shoppable;
			};
			name = Release;
		};
/* End XCBuildConfiguration section */

/* Begin XCConfigurationList section */
		CCD6B065291AEDDD00F60D63 /* Build configuration list for PBXProject "Shoppable" */ = {
			isa = XCConfigurationList;
			buildConfigurations = (
				CCD6B092291AEDDE00F60D63 /* Debug */,
				CCD6B093291AEDDE00F60D63 /* Release */,
			);
			defaultConfigurationIsVisible = 0;
			defaultConfigurationName = Release;
		};
		CCD6B094291AEDDE00F60D63 /* Build configuration list for PBXNativeTarget "Shoppable" */ = {
			isa = XCConfigurationList;
			buildConfigurations = (
				CCD6B095291AEDDE00F60D63 /* Debug */,
				CCD6B096291AEDDE00F60D63 /* Release */,
			);
			defaultConfigurationIsVisible = 0;
			defaultConfigurationName = Release;
		};
		CCD6B097291AEDDE00F60D63 /* Build configuration list for PBXNativeTarget "ShoppableTests" */ = {
			isa = XCConfigurationList;
			buildConfigurations = (
				CCD6B098291AEDDE00F60D63 /* Debug */,
				CCD6B099291AEDDE00F60D63 /* Release */,
			);
			defaultConfigurationIsVisible = 0;
			defaultConfigurationName = Release;
		};
		CCD6B09A291AEDDE00F60D63 /* Build configuration list for PBXNativeTarget "ShoppableUITests" */ = {
			isa = XCConfigurationList;
			buildConfigurations = (
				CCD6B09B291AEDDE00F60D63 /* Debug */,
				CCD6B09C291AEDDE00F60D63 /* Release */,
			);
			defaultConfigurationIsVisible = 0;
			defaultConfigurationName = Release;
		};
/* End XCConfigurationList section */
	};
	rootObject = CCD6B062291AEDDD00F60D63 /* Project object */;
}
